{
    "version": 3,
    "terraform_version": "0.9.5",
    "serial": 1,
    "lineage": "494f86d7-f5d0-4500-8f13-7a3d183cfaef",
    "modules": [
        {
            "path": [
                "root"
            ],
            "outputs": {},
            "resources": {
                "docker_container.haproxy": {
                    "type": "docker_container",
                    "depends_on": [
                        "docker_container.hello-world",
                        "docker_container.hello-world.*",
                        "docker_image.haproxy"
                    ],
                    "primary": {
                        "id": "4ce96bc188e10e5e0b32e9d0cbdffe719dd0d9a4f1eca702f6b644914e50015d",
                        "attributes": {
                            "bridge": "",
                            "gateway": "172.17.0.1",
                            "id": "4ce96bc188e10e5e0b32e9d0cbdffe719dd0d9a4f1eca702f6b644914e50015d",
                            "image": "sha256:33bc771bec1e38daff603b061f1474272ba5a75e3c1ffcdf3e2ee1d312d342d3",
                            "ip_address": "172.17.0.6",
                            "ip_prefix_length": "16",
                            "links.#": "5",
                            "links.1768062305": "hello-world-3",
                            "links.2272009293": "hello-world-1",
                            "links.4033555675": "hello-world-0",
                            "links.4144425154": "hello-world-4",
                            "links.509955575": "hello-world-2",
                            "log_driver": "json-file",
                            "must_run": "true",
                            "name": "haproxy",
                            "ports.#": "1",
                            "ports.3587291035.external": "8088",
                            "ports.3587291035.internal": "80",
                            "ports.3587291035.ip": "",
                            "ports.3587291035.protocol": "tcp",
                            "restart": "no"
                        },
                        "meta": {},
                        "tainted": false
                    },
                    "deposed": [],
                    "provider": ""
                },
                "docker_container.hello-world.0": {
                    "type": "docker_container",
                    "depends_on": [
                        "docker_image.hello-world"
                    ],
                    "primary": {
                        "id": "810d27db61d76b25fe87d8ff2aafc67a9ebf1c3aa257264fbd48e94f8e06a32d",
                        "attributes": {
                            "bridge": "",
                            "gateway": "172.17.0.1",
                            "id": "810d27db61d76b25fe87d8ff2aafc67a9ebf1c3aa257264fbd48e94f8e06a32d",
                            "image": "sha256:31e17b0746e48958b27f1d3dd4fe179fbba7e8efe14ad7a51e964181a92847a6",
                            "ip_address": "172.17.0.4",
                            "ip_prefix_length": "16",
                            "log_driver": "json-file",
                            "must_run": "true",
                            "name": "hello-world-0",
                            "restart": "no"
                        },
                        "meta": {},
                        "tainted": false
                    },
                    "deposed": [],
                    "provider": ""
                },
                "docker_container.hello-world.1": {
                    "type": "docker_container",
                    "depends_on": [
                        "docker_image.hello-world"
                    ],
                    "primary": {
                        "id": "00e712b06205bc3a8501fe23d46bd730051667b70b20b5238c77a58b260c4b30",
                        "attributes": {
                            "bridge": "",
                            "gateway": "172.17.0.1",
                            "id": "00e712b06205bc3a8501fe23d46bd730051667b70b20b5238c77a58b260c4b30",
                            "image": "sha256:31e17b0746e48958b27f1d3dd4fe179fbba7e8efe14ad7a51e964181a92847a6",
                            "ip_address": "172.17.0.5",
                            "ip_prefix_length": "16",
                            "log_driver": "json-file",
                            "must_run": "true",
                            "name": "hello-world-1",
                            "restart": "no"
                        },
                        "meta": {},
                        "tainted": false
                    },
                    "deposed": [],
                    "provider": ""
                },
                "docker_container.hello-world.2": {
                    "type": "docker_container",
                    "depends_on": [
                        "docker_image.hello-world"
                    ],
                    "primary": {
                        "id": "ad1a6dfced5b4f4903369bfd0e57670e3fe8429ea469c33ff4fc2923d89c312e",
                        "attributes": {
                            "bridge": "",
                            "gateway": "172.17.0.1",
                            "id": "ad1a6dfced5b4f4903369bfd0e57670e3fe8429ea469c33ff4fc2923d89c312e",
                            "image": "sha256:31e17b0746e48958b27f1d3dd4fe179fbba7e8efe14ad7a51e964181a92847a6",
                            "ip_address": "172.17.0.3",
                            "ip_prefix_length": "16",
                            "log_driver": "json-file",
                            "must_run": "true",
                            "name": "hello-world-2",
                            "restart": "no"
                        },
                        "meta": {},
                        "tainted": false
                    },
                    "deposed": [],
                    "provider": ""
                },
                "docker_container.hello-world.3": {
                    "type": "docker_container",
                    "depends_on": [
                        "docker_image.hello-world"
                    ],
                    "primary": {
                        "id": "678d1adbf08e5d4210ef15a7e16a5163697ff046a2493a5832bcf2b14666ca60",
                        "attributes": {
                            "bridge": "",
                            "gateway": "172.17.0.1",
                            "id": "678d1adbf08e5d4210ef15a7e16a5163697ff046a2493a5832bcf2b14666ca60",
                            "image": "sha256:31e17b0746e48958b27f1d3dd4fe179fbba7e8efe14ad7a51e964181a92847a6",
                            "ip_address": "172.17.0.8",
                            "ip_prefix_length": "16",
                            "log_driver": "json-file",
                            "must_run": "true",
                            "name": "hello-world-3",
                            "restart": "no"
                        },
                        "meta": {},
                        "tainted": false
                    },
                    "deposed": [],
                    "provider": ""
                },
                "docker_container.hello-world.4": {
                    "type": "docker_container",
                    "depends_on": [
                        "docker_image.hello-world"
                    ],
                    "primary": {
                        "id": "6f92abe4cb282056359104606a951af05b92d6a2cf7c33e8e634ad139bc767f8",
                        "attributes": {
                            "bridge": "",
                            "gateway": "172.17.0.1",
                            "id": "6f92abe4cb282056359104606a951af05b92d6a2cf7c33e8e634ad139bc767f8",
                            "image": "sha256:31e17b0746e48958b27f1d3dd4fe179fbba7e8efe14ad7a51e964181a92847a6",
                            "ip_address": "172.17.0.7",
                            "ip_prefix_length": "16",
                            "log_driver": "json-file",
                            "must_run": "true",
                            "name": "hello-world-4",
                            "restart": "no"
                        },
                        "meta": {},
                        "tainted": false
                    },
                    "deposed": [],
                    "provider": ""
                },
                "docker_image.haproxy": {
                    "type": "docker_image",
                    "depends_on": [],
                    "primary": {
                        "id": "sha256:33bc771bec1e38daff603b061f1474272ba5a75e3c1ffcdf3e2ee1d312d342d3tutum/haproxy:latest",
                        "attributes": {
                            "id": "sha256:33bc771bec1e38daff603b061f1474272ba5a75e3c1ffcdf3e2ee1d312d342d3tutum/haproxy:latest",
                            "latest": "sha256:33bc771bec1e38daff603b061f1474272ba5a75e3c1ffcdf3e2ee1d312d342d3",
                            "name": "tutum/haproxy:latest"
                        },
                        "meta": {},
                        "tainted": false
                    },
                    "deposed": [],
                    "provider": ""
                },
                "docker_image.hello-world": {
                    "type": "docker_image",
                    "depends_on": [],
                    "primary": {
                        "id": "sha256:31e17b0746e48958b27f1d3dd4fe179fbba7e8efe14ad7a51e964181a92847a6tutum/hello-world:latest",
                        "attributes": {
                            "id": "sha256:31e17b0746e48958b27f1d3dd4fe179fbba7e8efe14ad7a51e964181a92847a6tutum/hello-world:latest",
                            "latest": "sha256:31e17b0746e48958b27f1d3dd4fe179fbba7e8efe14ad7a51e964181a92847a6",
                            "name": "tutum/hello-world:latest"
                        },
                        "meta": {},
                        "tainted": false
                    },
                    "deposed": [],
                    "provider": ""
                }
            },
            "depends_on": []
        }
    ]
}
